
Microsoft Visual Studio Solution File, Format Version 12.00
# Visual Studio Version 16
VisualStudioVersion = 16.0.30011.22
MinimumVisualStudioVersion = 10.0.40219.1
Project("{FAE04EC0-301F-11D3-BF4B-00C04F79EFBC}") = "Gestion_requete", "Gestion_requete\Gestion_requete.csproj", "{B9D14338-AD1C-4A12-AC3B-D1AA520CE18C}"
EndProject
Global
	GlobalSection(SolutionConfigurationPlatforms) = preSolution
		Debug|Any CPU = Debug|Any CPU
		Release|Any CPU = Release|Any CPU
	EndGlobalSection
	GlobalSection(ProjectConfigurationPlatforms) = postSolution
		{B9D14338-AD1C-4A12-AC3B-D1AA520CE18C}.Debug|Any CPU.ActiveCfg = Debug|Any CPU
		{B9D14338-AD1C-4A12-AC3B-D1AA520CE18C}.Debug|Any CPU.Build.0 = Debug|Any CPU
		{B9D14338-AD1C-4A12-AC3B-D1AA520CE18C}.Release|Any CPU.ActiveCfg = Release|Any CPU
		{B9D14338-AD1C-4A12-AC3B-D1AA520CE18C}.Release|Any CPU.Build.0 = Release|Any CPU
	EndGlobalSection
	GlobalSection(SolutionProperties) = preSolution
		HideSolutionNode = FALSE
	EndGlobalSection
	GlobalSection(ExtensibilityGlobals) = postSolution
		SolutionGuid = {FAE11B7B-0B89-4B02-AA24-E6E0E8B1FF27}
	EndGlobalSection
EndGlobal
